
Microsoft Visual Studio Solution File, Format Version 12.00
# Visual Studio 15
VisualStudioVersion = 15.0.25123.0
MinimumVisualStudioVersion = 10.0.40219.1
Project("{FAE04EC0-301F-11D3-BF4B-00C04F79EFBC}") = "ChronosVM-3-Assembler", "ChronosVM-3-Assembler\ChronosVM-3-Assembler.csproj", "{5B3CDEA3-2B07-4227-B12E-905BE767ED9C}"
EndProject
Project("{FAE04EC0-301F-11D3-BF4B-00C04F79EFBC}") = "TokenizerLib", "TokenizerLib\TokenizerLib.csproj", "{23684EC2-68C2-4049-A8D8-280820064D63}"
EndProject
Global
	GlobalSection(SolutionConfigurationPlatforms) = preSolution
		Debug|Any CPU = Debug|Any CPU
		Release|Any CPU = Release|Any CPU
	EndGlobalSection
	GlobalSection(ProjectConfigurationPlatforms) = postSolution
		{5B3CDEA3-2B07-4227-B12E-905BE767ED9C}.Debug|Any CPU.ActiveCfg = Debug|Any CPU
		{5B3CDEA3-2B07-4227-B12E-905BE767ED9C}.Debug|Any CPU.Build.0 = Debug|Any CPU
		{5B3CDEA3-2B07-4227-B12E-905BE767ED9C}.Release|Any CPU.ActiveCfg = Release|Any CPU
		{5B3CDEA3-2B07-4227-B12E-905BE767ED9C}.Release|Any CPU.Build.0 = Release|Any CPU
		{23684EC2-68C2-4049-A8D8-280820064D63}.Debug|Any CPU.ActiveCfg = Debug|Any CPU
		{23684EC2-68C2-4049-A8D8-280820064D63}.Debug|Any CPU.Build.0 = Debug|Any CPU
		{23684EC2-68C2-4049-A8D8-280820064D63}.Release|Any CPU.ActiveCfg = Release|Any CPU
		{23684EC2-68C2-4049-A8D8-280820064D63}.Release|Any CPU.Build.0 = Release|Any CPU
	EndGlobalSection
	GlobalSection(SolutionProperties) = preSolution
		HideSolutionNode = FALSE
	EndGlobalSection
EndGlobal
